{
  "requires": true,
  "lockfileVersion": 1,
  "dependencies": {
    "ace-builds": {
      "version": "1.4.5",
      "resolved": "https://registry.npmjs.org/ace-builds/-/ace-builds-1.4.5.tgz",
      "integrity": "sha512-wotVzxv5YClvwOjiuXNyGm4j/CnKoFIoTnnXNmi1nTHjr7hXMMjQeytcnbFua4thaJ5vvpVEDv0utmjqsrp3Jw=="
    },
    "brace": {
      "version": "0.11.1",
      "resolved": "https://registry.npmjs.org/brace/-/brace-0.11.1.tgz",
      "integrity": "sha1-SJb8ydVE7vRfS7dmDbMg07N5/lg="
    },
    "ng2-ace-editor": {
      "version": "0.3.9",
      "resolved": "https://registry.npmjs.org/ng2-ace-editor/-/ng2-ace-editor-0.3.9.tgz",
      "integrity": "sha512-e8Q4YCirlL/OEiekewmzupG+zV3prYsiYmQnRzQzd0wNgsPjOLOdb0it7cCbzFfIXKGyIIHKTW5584WxPr2LnQ==",
      "requires": {
        "ace-builds": "^1.4.2",
        "brace": "^0.11.1"
      }
    }
  }
}
